
Microsoft Visual Studio Solution File, Format Version 12.00
# Visual Studio 15
VisualStudioVersion = 15.0.27703.2047
MinimumVisualStudioVersion = 10.0.40219.1
Project("{8BC9CEB8-8B4A-11D0-8D11-00A0C91BC942}") = "Mission1", "Mission1\Mission1.vcxproj", "{E8872BE4-643F-4E54-A8D6-1896A243093C}"
EndProject
Project("{8BC9CEB8-8B4A-11D0-8D11-00A0C91BC942}") = "Mission2", "Mission2\Mission2.vcxproj", "{99E34E0F-2D79-4A5E-91CB-7439ACF8F7D4}"
EndProject
Project("{8BC9CEB8-8B4A-11D0-8D11-00A0C91BC942}") = "Mission3", "Mission3\Mission3.vcxproj", "{140B33A2-2DE8-40E4-96E1-4B8A65EC6870}"
EndProject
Project("{8BC9CEB8-8B4A-11D0-8D11-00A0C91BC942}") = "Mission456", "Mission4\Mission4.vcxproj", "{0E7AEB62-EC7B-4F64-9FDD-B79B52318F46}"
EndProject
Project("{8BC9CEB8-8B4A-11D0-8D11-00A0C91BC942}") = "Mission78", "Project1\Project1.vcxproj", "{D80982BF-3684-44B0-AE73-FFA6680683BF}"
EndProject
Project("{8BC9CEB8-8B4A-11D0-8D11-00A0C91BC942}") = "Mission9", "Mission9\Mission9.vcxproj", "{2DC2B06B-D360-4FCD-945B-E10875D7D417}"
EndProject
Project("{8BC9CEB8-8B4A-11D0-8D11-00A0C91BC942}") = "MissionFunction", "MissionFunction\MissionFunction.vcxproj", "{72824D1C-4F80-41DE-8A04-5AA40C68D2B8}"
EndProject
Project("{8BC9CEB8-8B4A-11D0-8D11-00A0C91BC942}") = "Mission11", "Mission11\Mission11.vcxproj", "{577F6A35-AD19-4868-A85F-6A5C71145F51}"
EndProject
Project("{8BC9CEB8-8B4A-11D0-8D11-00A0C91BC942}") = "Mission12", "Mission12\Mission12.vcxproj", "{14C60AAC-D939-4B48-98E3-BB3E5AE07923}"
EndProject
Project("{8BC9CEB8-8B4A-11D0-8D11-00A0C91BC942}") = "Mission13", "Mission13\Mission13.vcxproj", "{0FBC50F0-6665-4976-9D1D-723565D8CB28}"
EndProject
Project("{8BC9CEB8-8B4A-11D0-8D11-00A0C91BC942}") = "Mission14", "Mission14\Mission14.vcxproj", "{B55FE038-D3AC-4A0B-AFAE-49122D2BB195}"
EndProject
Project("{8BC9CEB8-8B4A-11D0-8D11-00A0C91BC942}") = "Mission15", "Mission_15\Mission_15.vcxproj", "{7E610F9C-3E95-414E-8735-95740D0F6393}"
EndProject
Project("{8BC9CEB8-8B4A-11D0-8D11-00A0C91BC942}") = "Mission16", "Mission_16\Mission_16.vcxproj", "{F91AC4E3-BE0D-4429-9227-6A175DD5408A}"
EndProject
Project("{8BC9CEB8-8B4A-11D0-8D11-00A0C91BC942}") = "Mission17", "Mission17\Mission17.vcxproj", "{15031192-C66A-481D-8BB5-778E864B19E8}"
EndProject
Project("{8BC9CEB8-8B4A-11D0-8D11-00A0C91BC942}") = "Mission18", "Mission18\Mission18.vcxproj", "{4DF61AD4-416A-48A5-8203-36578622A315}"
EndProject
Project("{8BC9CEB8-8B4A-11D0-8D11-00A0C91BC942}") = "Mission19", "Mission19\Mission19.vcxproj", "{ED74893D-77F1-47EA-B891-28B90AE7572C}"
EndProject
Project("{8BC9CEB8-8B4A-11D0-8D11-00A0C91BC942}") = "Mission21", "Mission21\Mission21.vcxproj", "{B2AFFDF0-36BA-4058-9182-48CAEAF461EB}"
EndProject
Project("{8BC9CEB8-8B4A-11D0-8D11-00A0C91BC942}") = "Mission22", "Mission22\Mission22.vcxproj", "{2EFAD173-263D-45B5-BBA9-7EC4F10A8260}"
EndProject
Project("{8BC9CEB8-8B4A-11D0-8D11-00A0C91BC942}") = "Mission23", "Mission23\Mission23.vcxproj", "{53128B63-6E18-4358-9A0A-17844F7B95BF}"
EndProject
Project("{8BC9CEB8-8B4A-11D0-8D11-00A0C91BC942}") = "Mission24", "Mission24\Mission24.vcxproj", "{968980D1-EF8B-4E07-875B-D035270974BD}"
EndProject
Project("{8BC9CEB8-8B4A-11D0-8D11-00A0C91BC942}") = "Mission25", "Mission25\Mission25.vcxproj", "{0F88409B-27D3-447C-9B24-657243074073}"
EndProject
Project("{8BC9CEB8-8B4A-11D0-8D11-00A0C91BC942}") = "Harjoitus", "Harjoitus\Harjoitus.vcxproj", "{8D905968-5369-4480-A694-7D3A5B61B6F5}"
EndProject
Project("{8BC9CEB8-8B4A-11D0-8D11-00A0C91BC942}") = "Mission26", "Mission26\Mission26.vcxproj", "{345B712C-36A6-46B8-B54D-926F54065BF0}"
EndProject
Project("{8BC9CEB8-8B4A-11D0-8D11-00A0C91BC942}") = "Mission27", "Mission27\Mission27.vcxproj", "{D1908AD8-F954-40C2-8482-A420496710D0}"
EndProject
Project("{8BC9CEB8-8B4A-11D0-8D11-00A0C91BC942}") = "Mission28", "Mission28\Mission28.vcxproj", "{2908039C-41AD-4221-A469-DCCD18FF7E36}"
EndProject
Project("{8BC9CEB8-8B4A-11D0-8D11-00A0C91BC942}") = "Mission29", "Mission29\Mission29.vcxproj", "{337B7462-97FC-408B-B6C9-ECDCF366635D}"
EndProject
Global
	GlobalSection(SolutionConfigurationPlatforms) = preSolution
		Debug|x64 = Debug|x64
		Debug|x86 = Debug|x86
		Release|x64 = Release|x64
		Release|x86 = Release|x86
	EndGlobalSection
	GlobalSection(ProjectConfigurationPlatforms) = postSolution
		{E8872BE4-643F-4E54-A8D6-1896A243093C}.Debug|x64.ActiveCfg = Debug|x64
		{E8872BE4-643F-4E54-A8D6-1896A243093C}.Debug|x64.Build.0 = Debug|x64
		{E8872BE4-643F-4E54-A8D6-1896A243093C}.Debug|x86.ActiveCfg = Debug|Win32
		{E8872BE4-643F-4E54-A8D6-1896A243093C}.Debug|x86.Build.0 = Debug|Win32
		{E8872BE4-643F-4E54-A8D6-1896A243093C}.Release|x64.ActiveCfg = Release|x64
		{E8872BE4-643F-4E54-A8D6-1896A243093C}.Release|x64.Build.0 = Release|x64
		{E8872BE4-643F-4E54-A8D6-1896A243093C}.Release|x86.ActiveCfg = Release|Win32
		{E8872BE4-643F-4E54-A8D6-1896A243093C}.Release|x86.Build.0 = Release|Win32
		{99E34E0F-2D79-4A5E-91CB-7439ACF8F7D4}.Debug|x64.ActiveCfg = Debug|x64
		{99E34E0F-2D79-4A5E-91CB-7439ACF8F7D4}.Debug|x64.Build.0 = Debug|x64
		{99E34E0F-2D79-4A5E-91CB-7439ACF8F7D4}.Debug|x86.ActiveCfg = Debug|Win32
		{99E34E0F-2D79-4A5E-91CB-7439ACF8F7D4}.Debug|x86.Build.0 = Debug|Win32
		{99E34E0F-2D79-4A5E-91CB-7439ACF8F7D4}.Release|x64.ActiveCfg = Release|x64
		{99E34E0F-2D79-4A5E-91CB-7439ACF8F7D4}.Release|x64.Build.0 = Release|x64
		{99E34E0F-2D79-4A5E-91CB-7439ACF8F7D4}.Release|x86.ActiveCfg = Release|Win32
		{99E34E0F-2D79-4A5E-91CB-7439ACF8F7D4}.Release|x86.Build.0 = Release|Win32
		{140B33A2-2DE8-40E4-96E1-4B8A65EC6870}.Debug|x64.ActiveCfg = Debug|x64
		{140B33A2-2DE8-40E4-96E1-4B8A65EC6870}.Debug|x64.Build.0 = Debug|x64
		{140B33A2-2DE8-40E4-96E1-4B8A65EC6870}.Debug|x86.ActiveCfg = Debug|Win32
		{140B33A2-2DE8-40E4-96E1-4B8A65EC6870}.Debug|x86.Build.0 = Debug|Win32
		{140B33A2-2DE8-40E4-96E1-4B8A65EC6870}.Release|x64.ActiveCfg = Release|x64
		{140B33A2-2DE8-40E4-96E1-4B8A65EC6870}.Release|x64.Build.0 = Release|x64
		{140B33A2-2DE8-40E4-96E1-4B8A65EC6870}.Release|x86.ActiveCfg = Release|Win32
		{140B33A2-2DE8-40E4-96E1-4B8A65EC6870}.Release|x86.Build.0 = Release|Win32
		{0E7AEB62-EC7B-4F64-9FDD-B79B52318F46}.Debug|x64.ActiveCfg = Debug|x64
		{0E7AEB62-EC7B-4F64-9FDD-B79B52318F46}.Debug|x64.Build.0 = Debug|x64
		{0E7AEB62-EC7B-4F64-9FDD-B79B52318F46}.Debug|x86.ActiveCfg = Debug|Win32
		{0E7AEB62-EC7B-4F64-9FDD-B79B52318F46}.Debug|x86.Build.0 = Debug|Win32
		{0E7AEB62-EC7B-4F64-9FDD-B79B52318F46}.Release|x64.ActiveCfg = Release|x64
		{0E7AEB62-EC7B-4F64-9FDD-B79B52318F46}.Release|x64.Build.0 = Release|x64
		{0E7AEB62-EC7B-4F64-9FDD-B79B52318F46}.Release|x86.ActiveCfg = Release|Win32
		{0E7AEB62-EC7B-4F64-9FDD-B79B52318F46}.Release|x86.Build.0 = Release|Win32
		{D80982BF-3684-44B0-AE73-FFA6680683BF}.Debug|x64.ActiveCfg = Debug|x64
		{D80982BF-3684-44B0-AE73-FFA6680683BF}.Debug|x64.Build.0 = Debug|x64
		{D80982BF-3684-44B0-AE73-FFA6680683BF}.Debug|x86.ActiveCfg = Debug|Win32
		{D80982BF-3684-44B0-AE73-FFA6680683BF}.Debug|x86.Build.0 = Debug|Win32
		{D80982BF-3684-44B0-AE73-FFA6680683BF}.Release|x64.ActiveCfg = Release|x64
		{D80982BF-3684-44B0-AE73-FFA6680683BF}.Release|x64.Build.0 = Release|x64
		{D80982BF-3684-44B0-AE73-FFA6680683BF}.Release|x86.ActiveCfg = Release|Win32
		{D80982BF-3684-44B0-AE73-FFA6680683BF}.Release|x86.Build.0 = Release|Win32
		{2DC2B06B-D360-4FCD-945B-E10875D7D417}.Debug|x64.ActiveCfg = Debug|x64
		{2DC2B06B-D360-4FCD-945B-E10875D7D417}.Debug|x64.Build.0 = Debug|x64
		{2DC2B06B-D360-4FCD-945B-E10875D7D417}.Debug|x86.ActiveCfg = Debug|Win32
		{2DC2B06B-D360-4FCD-945B-E10875D7D417}.Debug|x86.Build.0 = Debug|Win32
		{2DC2B06B-D360-4FCD-945B-E10875D7D417}.Release|x64.ActiveCfg = Release|x64
		{2DC2B06B-D360-4FCD-945B-E10875D7D417}.Release|x64.Build.0 = Release|x64
		{2DC2B06B-D360-4FCD-945B-E10875D7D417}.Release|x86.ActiveCfg = Release|Win32
		{2DC2B06B-D360-4FCD-945B-E10875D7D417}.Release|x86.Build.0 = Release|Win32
		{72824D1C-4F80-41DE-8A04-5AA40C68D2B8}.Debug|x64.ActiveCfg = Debug|x64
		{72824D1C-4F80-41DE-8A04-5AA40C68D2B8}.Debug|x64.Build.0 = Debug|x64
		{72824D1C-4F80-41DE-8A04-5AA40C68D2B8}.Debug|x86.ActiveCfg = Debug|Win32
		{72824D1C-4F80-41DE-8A04-5AA40C68D2B8}.Debug|x86.Build.0 = Debug|Win32
		{72824D1C-4F80-41DE-8A04-5AA40C68D2B8}.Release|x64.ActiveCfg = Release|x64
		{72824D1C-4F80-41DE-8A04-5AA40C68D2B8}.Release|x64.Build.0 = Release|x64
		{72824D1C-4F80-41DE-8A04-5AA40C68D2B8}.Release|x86.ActiveCfg = Release|Win32
		{72824D1C-4F80-41DE-8A04-5AA40C68D2B8}.Release|x86.Build.0 = Release|Win32
		{577F6A35-AD19-4868-A85F-6A5C71145F51}.Debug|x64.ActiveCfg = Debug|x64
		{577F6A35-AD19-4868-A85F-6A5C71145F51}.Debug|x64.Build.0 = Debug|x64
		{577F6A35-AD19-4868-A85F-6A5C71145F51}.Debug|x86.ActiveCfg = Debug|Win32
		{577F6A35-AD19-4868-A85F-6A5C71145F51}.Debug|x86.Build.0 = Debug|Win32
		{577F6A35-AD19-4868-A85F-6A5C71145F51}.Release|x64.ActiveCfg = Release|x64
		{577F6A35-AD19-4868-A85F-6A5C71145F51}.Release|x64.Build.0 = Release|x64
		{577F6A35-AD19-4868-A85F-6A5C71145F51}.Release|x86.ActiveCfg = Release|Win32
		{577F6A35-AD19-4868-A85F-6A5C71145F51}.Release|x86.Build.0 = Release|Win32
		{14C60AAC-D939-4B48-98E3-BB3E5AE07923}.Debug|x64.ActiveCfg = Debug|x64
		{14C60AAC-D939-4B48-98E3-BB3E5AE07923}.Debug|x64.Build.0 = Debug|x64
		{14C60AAC-D939-4B48-98E3-BB3E5AE07923}.Debug|x86.ActiveCfg = Debug|Win32
		{14C60AAC-D939-4B48-98E3-BB3E5AE07923}.Debug|x86.Build.0 = Debug|Win32
		{14C60AAC-D939-4B48-98E3-BB3E5AE07923}.Release|x64.ActiveCfg = Release|x64
		{14C60AAC-D939-4B48-98E3-BB3E5AE07923}.Release|x64.Build.0 = Release|x64
		{14C60AAC-D939-4B48-98E3-BB3E5AE07923}.Release|x86.ActiveCfg = Release|Win32
		{14C60AAC-D939-4B48-98E3-BB3E5AE07923}.Release|x86.Build.0 = Release|Win32
		{0FBC50F0-6665-4976-9D1D-723565D8CB28}.Debug|x64.ActiveCfg = Debug|x64
		{0FBC50F0-6665-4976-9D1D-723565D8CB28}.Debug|x64.Build.0 = Debug|x64
		{0FBC50F0-6665-4976-9D1D-723565D8CB28}.Debug|x86.ActiveCfg = Debug|Win32
		{0FBC50F0-6665-4976-9D1D-723565D8CB28}.Debug|x86.Build.0 = Debug|Win32
		{0FBC50F0-6665-4976-9D1D-723565D8CB28}.Release|x64.ActiveCfg = Release|x64
		{0FBC50F0-6665-4976-9D1D-723565D8CB28}.Release|x64.Build.0 = Release|x64
		{0FBC50F0-6665-4976-9D1D-723565D8CB28}.Release|x86.ActiveCfg = Release|Win32
		{0FBC50F0-6665-4976-9D1D-723565D8CB28}.Release|x86.Build.0 = Release|Win32
		{B55FE038-D3AC-4A0B-AFAE-49122D2BB195}.Debug|x64.ActiveCfg = Debug|x64
		{B55FE038-D3AC-4A0B-AFAE-49122D2BB195}.Debug|x64.Build.0 = Debug|x64
		{B55FE038-D3AC-4A0B-AFAE-49122D2BB195}.Debug|x86.ActiveCfg = Debug|Win32
		{B55FE038-D3AC-4A0B-AFAE-49122D2BB195}.Debug|x86.Build.0 = Debug|Win32
		{B55FE038-D3AC-4A0B-AFAE-49122D2BB195}.Release|x64.ActiveCfg = Release|x64
		{B55FE038-D3AC-4A0B-AFAE-49122D2BB195}.Release|x64.Build.0 = Release|x64
		{B55FE038-D3AC-4A0B-AFAE-49122D2BB195}.Release|x86.ActiveCfg = Release|Win32
		{B55FE038-D3AC-4A0B-AFAE-49122D2BB195}.Release|x86.Build.0 = Release|Win32
		{7E610F9C-3E95-414E-8735-95740D0F6393}.Debug|x64.ActiveCfg = Debug|x64
		{7E610F9C-3E95-414E-8735-95740D0F6393}.Debug|x64.Build.0 = Debug|x64
		{7E610F9C-3E95-414E-8735-95740D0F6393}.Debug|x86.ActiveCfg = Debug|Win32
		{7E610F9C-3E95-414E-8735-95740D0F6393}.Debug|x86.Build.0 = Debug|Win32
		{7E610F9C-3E95-414E-8735-95740D0F6393}.Release|x64.ActiveCfg = Release|x64
		{7E610F9C-3E95-414E-8735-95740D0F6393}.Release|x64.Build.0 = Release|x64
		{7E610F9C-3E95-414E-8735-95740D0F6393}.Release|x86.ActiveCfg = Release|Win32
		{7E610F9C-3E95-414E-8735-95740D0F6393}.Release|x86.Build.0 = Release|Win32
		{F91AC4E3-BE0D-4429-9227-6A175DD5408A}.Debug|x64.ActiveCfg = Debug|x64
		{F91AC4E3-BE0D-4429-9227-6A175DD5408A}.Debug|x64.Build.0 = Debug|x64
		{F91AC4E3-BE0D-4429-9227-6A175DD5408A}.Debug|x86.ActiveCfg = Debug|Win32
		{F91AC4E3-BE0D-4429-9227-6A175DD5408A}.Debug|x86.Build.0 = Debug|Win32
		{F91AC4E3-BE0D-4429-9227-6A175DD5408A}.Release|x64.ActiveCfg = Release|x64
		{F91AC4E3-BE0D-4429-9227-6A175DD5408A}.Release|x64.Build.0 = Release|x64
		{F91AC4E3-BE0D-4429-9227-6A175DD5408A}.Release|x86.ActiveCfg = Release|Win32
		{F91AC4E3-BE0D-4429-9227-6A175DD5408A}.Release|x86.Build.0 = Release|Win32
		{15031192-C66A-481D-8BB5-778E864B19E8}.Debug|x64.ActiveCfg = Debug|x64
		{15031192-C66A-481D-8BB5-778E864B19E8}.Debug|x64.Build.0 = Debug|x64
		{15031192-C66A-481D-8BB5-778E864B19E8}.Debug|x86.ActiveCfg = Debug|Win32
		{15031192-C66A-481D-8BB5-778E864B19E8}.Debug|x86.Build.0 = Debug|Win32
		{15031192-C66A-481D-8BB5-778E864B19E8}.Release|x64.ActiveCfg = Release|x64
		{15031192-C66A-481D-8BB5-778E864B19E8}.Release|x64.Build.0 = Release|x64
		{15031192-C66A-481D-8BB5-778E864B19E8}.Release|x86.ActiveCfg = Release|Win32
		{15031192-C66A-481D-8BB5-778E864B19E8}.Release|x86.Build.0 = Release|Win32
		{4DF61AD4-416A-48A5-8203-36578622A315}.Debug|x64.ActiveCfg = Debug|x64
		{4DF61AD4-416A-48A5-8203-36578622A315}.Debug|x64.Build.0 = Debug|x64
		{4DF61AD4-416A-48A5-8203-36578622A315}.Debug|x86.ActiveCfg = Debug|Win32
		{4DF61AD4-416A-48A5-8203-36578622A315}.Debug|x86.Build.0 = Debug|Win32
		{4DF61AD4-416A-48A5-8203-36578622A315}.Release|x64.ActiveCfg = Release|x64
		{4DF61AD4-416A-48A5-8203-36578622A315}.Release|x64.Build.0 = Release|x64
		{4DF61AD4-416A-48A5-8203-36578622A315}.Release|x86.ActiveCfg = Release|Win32
		{4DF61AD4-416A-48A5-8203-36578622A315}.Release|x86.Build.0 = Release|Win32
		{ED74893D-77F1-47EA-B891-28B90AE7572C}.Debug|x64.ActiveCfg = Debug|x64
		{ED74893D-77F1-47EA-B891-28B90AE7572C}.Debug|x64.Build.0 = Debug|x64
		{ED74893D-77F1-47EA-B891-28B90AE7572C}.Debug|x86.ActiveCfg = Debug|Win32
		{ED74893D-77F1-47EA-B891-28B90AE7572C}.Debug|x86.Build.0 = Debug|Win32
		{ED74893D-77F1-47EA-B891-28B90AE7572C}.Release|x64.ActiveCfg = Release|x64
		{ED74893D-77F1-47EA-B891-28B90AE7572C}.Release|x64.Build.0 = Release|x64
		{ED74893D-77F1-47EA-B891-28B90AE7572C}.Release|x86.ActiveCfg = Release|Win32
		{ED74893D-77F1-47EA-B891-28B90AE7572C}.Release|x86.Build.0 = Release|Win32
		{B2AFFDF0-36BA-4058-9182-48CAEAF461EB}.Debug|x64.ActiveCfg = Debug|x64
		{B2AFFDF0-36BA-4058-9182-48CAEAF461EB}.Debug|x64.Build.0 = Debug|x64
		{B2AFFDF0-36BA-4058-9182-48CAEAF461EB}.Debug|x86.ActiveCfg = Debug|Win32
		{B2AFFDF0-36BA-4058-9182-48CAEAF461EB}.Debug|x86.Build.0 = Debug|Win32
		{B2AFFDF0-36BA-4058-9182-48CAEAF461EB}.Release|x64.ActiveCfg = Release|x64
		{B2AFFDF0-36BA-4058-9182-48CAEAF461EB}.Release|x64.Build.0 = Release|x64
		{B2AFFDF0-36BA-4058-9182-48CAEAF461EB}.Release|x86.ActiveCfg = Release|Win32
		{B2AFFDF0-36BA-4058-9182-48CAEAF461EB}.Release|x86.Build.0 = Release|Win32
		{2EFAD173-263D-45B5-BBA9-7EC4F10A8260}.Debug|x64.ActiveCfg = Debug|x64
		{2EFAD173-263D-45B5-BBA9-7EC4F10A8260}.Debug|x64.Build.0 = Debug|x64
		{2EFAD173-263D-45B5-BBA9-7EC4F10A8260}.Debug|x86.ActiveCfg = Debug|Win32
		{2EFAD173-263D-45B5-BBA9-7EC4F10A8260}.Debug|x86.Build.0 = Debug|Win32
		{2EFAD173-263D-45B5-BBA9-7EC4F10A8260}.Release|x64.ActiveCfg = Release|x64
		{2EFAD173-263D-45B5-BBA9-7EC4F10A8260}.Release|x64.Build.0 = Release|x64
		{2EFAD173-263D-45B5-BBA9-7EC4F10A8260}.Release|x86.ActiveCfg = Release|Win32
		{2EFAD173-263D-45B5-BBA9-7EC4F10A8260}.Release|x86.Build.0 = Release|Win32
		{53128B63-6E18-4358-9A0A-17844F7B95BF}.Debug|x64.ActiveCfg = Debug|x64
		{53128B63-6E18-4358-9A0A-17844F7B95BF}.Debug|x64.Build.0 = Debug|x64
		{53128B63-6E18-4358-9A0A-17844F7B95BF}.Debug|x86.ActiveCfg = Debug|Win32
		{53128B63-6E18-4358-9A0A-17844F7B95BF}.Debug|x86.Build.0 = Debug|Win32
		{53128B63-6E18-4358-9A0A-17844F7B95BF}.Release|x64.ActiveCfg = Release|x64
		{53128B63-6E18-4358-9A0A-17844F7B95BF}.Release|x64.Build.0 = Release|x64
		{53128B63-6E18-4358-9A0A-17844F7B95BF}.Release|x86.ActiveCfg = Release|Win32
		{53128B63-6E18-4358-9A0A-17844F7B95BF}.Release|x86.Build.0 = Release|Win32
		{968980D1-EF8B-4E07-875B-D035270974BD}.Debug|x64.ActiveCfg = Debug|x64
		{968980D1-EF8B-4E07-875B-D035270974BD}.Debug|x64.Build.0 = Debug|x64
		{968980D1-EF8B-4E07-875B-D035270974BD}.Debug|x86.ActiveCfg = Debug|Win32
		{968980D1-EF8B-4E07-875B-D035270974BD}.Debug|x86.Build.0 = Debug|Win32
		{968980D1-EF8B-4E07-875B-D035270974BD}.Release|x64.ActiveCfg = Release|x64
		{968980D1-EF8B-4E07-875B-D035270974BD}.Release|x64.Build.0 = Release|x64
		{968980D1-EF8B-4E07-875B-D035270974BD}.Release|x86.ActiveCfg = Release|Win32
		{968980D1-EF8B-4E07-875B-D035270974BD}.Release|x86.Build.0 = Release|Win32
		{0F88409B-27D3-447C-9B24-657243074073}.Debug|x64.ActiveCfg = Debug|x64
		{0F88409B-27D3-447C-9B24-657243074073}.Debug|x64.Build.0 = Debug|x64
		{0F88409B-27D3-447C-9B24-657243074073}.Debug|x86.ActiveCfg = Debug|Win32
		{0F88409B-27D3-447C-9B24-657243074073}.Debug|x86.Build.0 = Debug|Win32
		{0F88409B-27D3-447C-9B24-657243074073}.Release|x64.ActiveCfg = Release|x64
		{0F88409B-27D3-447C-9B24-657243074073}.Release|x64.Build.0 = Release|x64
		{0F88409B-27D3-447C-9B24-657243074073}.Release|x86.ActiveCfg = Release|Win32
		{0F88409B-27D3-447C-9B24-657243074073}.Release|x86.Build.0 = Release|Win32
		{8D905968-5369-4480-A694-7D3A5B61B6F5}.Debug|x64.ActiveCfg = Debug|x64
		{8D905968-5369-4480-A694-7D3A5B61B6F5}.Debug|x64.Build.0 = Debug|x64
		{8D905968-5369-4480-A694-7D3A5B61B6F5}.Debug|x86.ActiveCfg = Debug|Win32
		{8D905968-5369-4480-A694-7D3A5B61B6F5}.Debug|x86.Build.0 = Debug|Win32
		{8D905968-5369-4480-A694-7D3A5B61B6F5}.Release|x64.ActiveCfg = Release|x64
		{8D905968-5369-4480-A694-7D3A5B61B6F5}.Release|x64.Build.0 = Release|x64
		{8D905968-5369-4480-A694-7D3A5B61B6F5}.Release|x86.ActiveCfg = Release|Win32
		{8D905968-5369-4480-A694-7D3A5B61B6F5}.Release|x86.Build.0 = Release|Win32
		{345B712C-36A6-46B8-B54D-926F54065BF0}.Debug|x64.ActiveCfg = Debug|x64
		{345B712C-36A6-46B8-B54D-926F54065BF0}.Debug|x64.Build.0 = Debug|x64
		{345B712C-36A6-46B8-B54D-926F54065BF0}.Debug|x86.ActiveCfg = Debug|Win32
		{345B712C-36A6-46B8-B54D-926F54065BF0}.Debug|x86.Build.0 = Debug|Win32
		{345B712C-36A6-46B8-B54D-926F54065BF0}.Release|x64.ActiveCfg = Release|x64
		{345B712C-36A6-46B8-B54D-926F54065BF0}.Release|x64.Build.0 = Release|x64
		{345B712C-36A6-46B8-B54D-926F54065BF0}.Release|x86.ActiveCfg = Release|Win32
		{345B712C-36A6-46B8-B54D-926F54065BF0}.Release|x86.Build.0 = Release|Win32
		{D1908AD8-F954-40C2-8482-A420496710D0}.Debug|x64.ActiveCfg = Debug|x64
		{D1908AD8-F954-40C2-8482-A420496710D0}.Debug|x64.Build.0 = Debug|x64
		{D1908AD8-F954-40C2-8482-A420496710D0}.Debug|x86.ActiveCfg = Debug|Win32
		{D1908AD8-F954-40C2-8482-A420496710D0}.Debug|x86.Build.0 = Debug|Win32
		{D1908AD8-F954-40C2-8482-A420496710D0}.Release|x64.ActiveCfg = Release|x64
		{D1908AD8-F954-40C2-8482-A420496710D0}.Release|x64.Build.0 = Release|x64
		{D1908AD8-F954-40C2-8482-A420496710D0}.Release|x86.ActiveCfg = Release|Win32
		{D1908AD8-F954-40C2-8482-A420496710D0}.Release|x86.Build.0 = Release|Win32
		{2908039C-41AD-4221-A469-DCCD18FF7E36}.Debug|x64.ActiveCfg = Debug|x64
		{2908039C-41AD-4221-A469-DCCD18FF7E36}.Debug|x64.Build.0 = Debug|x64
		{2908039C-41AD-4221-A469-DCCD18FF7E36}.Debug|x86.ActiveCfg = Debug|Win32
		{2908039C-41AD-4221-A469-DCCD18FF7E36}.Debug|x86.Build.0 = Debug|Win32
		{2908039C-41AD-4221-A469-DCCD18FF7E36}.Release|x64.ActiveCfg = Release|x64
		{2908039C-41AD-4221-A469-DCCD18FF7E36}.Release|x64.Build.0 = Release|x64
		{2908039C-41AD-4221-A469-DCCD18FF7E36}.Release|x86.ActiveCfg = Release|Win32
		{2908039C-41AD-4221-A469-DCCD18FF7E36}.Release|x86.Build.0 = Release|Win32
		{337B7462-97FC-408B-B6C9-ECDCF366635D}.Debug|x64.ActiveCfg = Debug|x64
		{337B7462-97FC-408B-B6C9-ECDCF366635D}.Debug|x64.Build.0 = Debug|x64
		{337B7462-97FC-408B-B6C9-ECDCF366635D}.Debug|x86.ActiveCfg = Debug|Win32
		{337B7462-97FC-408B-B6C9-ECDCF366635D}.Debug|x86.Build.0 = Debug|Win32
		{337B7462-97FC-408B-B6C9-ECDCF366635D}.Release|x64.ActiveCfg = Release|x64
		{337B7462-97FC-408B-B6C9-ECDCF366635D}.Release|x64.Build.0 = Release|x64
		{337B7462-97FC-408B-B6C9-ECDCF366635D}.Release|x86.ActiveCfg = Release|Win32
		{337B7462-97FC-408B-B6C9-ECDCF366635D}.Release|x86.Build.0 = Release|Win32
	EndGlobalSection
	GlobalSection(SolutionProperties) = preSolution
		HideSolutionNode = FALSE
	EndGlobalSection
	GlobalSection(ExtensibilityGlobals) = postSolution
		SolutionGuid = {AF47075C-CDFB-4AF5-860F-53AC14B6EB75}
	EndGlobalSection
EndGlobal
